
Microsoft Visual Studio Solution File, Format Version 12.00
# Visual Studio Version 17
VisualStudioVersion = 17.1.32421.90
MinimumVisualStudioVersion = 10.0.40219.1
Project("{FAE04EC0-301F-11D3-BF4B-00C04F79EFBC}") = "Paranoid", "Paranoid\Paranoid.csproj", "{AE8D1AD8-5FCA-46FA-9F82-A1CDB2FA26E5}"
EndProject
Global
	GlobalSection(SolutionConfigurationPlatforms) = preSolution
		Debug|Any CPU = Debug|Any CPU
		Release|Any CPU = Release|Any CPU
	EndGlobalSection
	GlobalSection(ProjectConfigurationPlatforms) = postSolution
		{AE8D1AD8-5FCA-46FA-9F82-A1CDB2FA26E5}.Debug|Any CPU.ActiveCfg = Debug|Any CPU
		{AE8D1AD8-5FCA-46FA-9F82-A1CDB2FA26E5}.Debug|Any CPU.Build.0 = Debug|Any CPU
		{AE8D1AD8-5FCA-46FA-9F82-A1CDB2FA26E5}.Release|Any CPU.ActiveCfg = Release|Any CPU
		{AE8D1AD8-5FCA-46FA-9F82-A1CDB2FA26E5}.Release|Any CPU.Build.0 = Release|Any CPU
	EndGlobalSection
	GlobalSection(SolutionProperties) = preSolution
		HideSolutionNode = FALSE
	EndGlobalSection
	GlobalSection(ExtensibilityGlobals) = postSolution
		SolutionGuid = {5621EF7F-3094-4454-B96A-62ECBD2FB9DE}
	EndGlobalSection
EndGlobal
